
Microsoft Visual Studio Solution File, Format Version 12.00
Project("{2150E333-8FDC-42A3-9474-1A3956D46DE8}") = "VersionControl", "VersionControl", "{DA1F5763-17B3-4AAC-A8D2-424AE126427A}"
	ProjectSection(SolutionItems) = preProject
		.gitignore = .gitignore
	EndProjectSection
EndProject
Project("{2150E333-8FDC-42A3-9474-1A3956D46DE8}") = "SPO", "SPO", "{1B6B951D-0970-4913-AB6E-57F84D7551B9}"
EndProject
Project("{FAE04EC0-301F-11D3-BF4B-00C04F79EFBC}") = "Lecture0", "SPO\Lecture0\Lecture0.csproj", "{E9CA7448-23E3-469D-BD31-BAA4CFF2C705}"
EndProject
Global
	GlobalSection(SolutionConfigurationPlatforms) = preSolution
		Debug|Any CPU = Debug|Any CPU
		Release|Any CPU = Release|Any CPU
	EndGlobalSection
	GlobalSection(ProjectConfigurationPlatforms) = postSolution
		{E9CA7448-23E3-469D-BD31-BAA4CFF2C705}.Debug|Any CPU.ActiveCfg = Debug|Any CPU
		{E9CA7448-23E3-469D-BD31-BAA4CFF2C705}.Debug|Any CPU.Build.0 = Debug|Any CPU
		{E9CA7448-23E3-469D-BD31-BAA4CFF2C705}.Release|Any CPU.ActiveCfg = Release|Any CPU
		{E9CA7448-23E3-469D-BD31-BAA4CFF2C705}.Release|Any CPU.Build.0 = Release|Any CPU
	EndGlobalSection
	GlobalSection(NestedProjects) = preSolution
		{E9CA7448-23E3-469D-BD31-BAA4CFF2C705} = {1B6B951D-0970-4913-AB6E-57F84D7551B9}
	EndGlobalSection
EndGlobal
